
Microsoft Visual Studio Solution File, Format Version 12.00
# Visual Studio Version 17
VisualStudioVersion = 17.5.33530.505
MinimumVisualStudioVersion = 10.0.40219.1
Project("{888888A0-9F3D-457C-B088-3A5042F75D52}") = "RandomizedData", "RandomizedData\RandomizedData.pyproj", "{5B950B6B-D0B0-4C1A-BA14-BC87FE23D944}"
EndProject
Global
	GlobalSection(SolutionConfigurationPlatforms) = preSolution
		Debug|Any CPU = Debug|Any CPU
		Release|Any CPU = Release|Any CPU
	EndGlobalSection
	GlobalSection(ProjectConfigurationPlatforms) = postSolution
		{5B950B6B-D0B0-4C1A-BA14-BC87FE23D944}.Debug|Any CPU.ActiveCfg = Debug|Any CPU
		{5B950B6B-D0B0-4C1A-BA14-BC87FE23D944}.Release|Any CPU.ActiveCfg = Release|Any CPU
	EndGlobalSection
	GlobalSection(SolutionProperties) = preSolution
		HideSolutionNode = FALSE
	EndGlobalSection
	GlobalSection(ExtensibilityGlobals) = postSolution
		SolutionGuid = {4911086F-6CAF-4937-9C9B-E92892800E62}
	EndGlobalSection
EndGlobal
